// !$*UTF8*$!
{
	archiveVersion = 1;
	classes = {
	};
	objectVersion = 50;
	objects = {

/* Begin PBXBuildFile section */
		9D3F1E52267F351F004135AA /* AppDelegate.swift in Sources */ = {isa = PBXBuildFile; fileRef = 9D3F1E51267F351F004135AA /* AppDelegate.swift */; };
		9D3F1E54267F351F004135AA /* SceneDelegate.swift in Sources */ = {isa = PBXBuildFile; fileRef = 9D3F1E53267F351F004135AA /* SceneDelegate.swift */; };
		9D3F1E56267F351F004135AA /* ViewController.swift in Sources */ = {isa = PBXBuildFile; fileRef = 9D3F1E55267F351F004135AA /* ViewController.swift */; };
		9D3F1E59267F351F004135AA /* Main.storyboard in Resources */ = {isa = PBXBuildFile; fileRef = 9D3F1E57267F351F004135AA /* Main.storyboard */; };
		9D3F1E5B267F351F004135AA /* Assets.xcassets in Resources */ = {isa = PBXBuildFile; fileRef = 9D3F1E5A267F351F004135AA /* Assets.xcassets */; };
		9D3F1E5E267F351F004135AA /* LaunchScreen.storyboard in Resources */ = {isa = PBXBuildFile; fileRef = 9D3F1E5C267F351F004135AA /* LaunchScreen.storyboard */; };
		9D3F1E69267F351F004135AA /* firstTableViewAppTests.swift in Sources */ = {isa = PBXBuildFile; fileRef = 9D3F1E68267F351F004135AA /* firstTableViewAppTests.swift */; };
		9D3F1E74267F351F004135AA /* firstTableViewAppUITests.swift in Sources */ = {isa = PBXBuildFile; fileRef = 9D3F1E73267F351F004135AA /* firstTableViewAppUITests.swift */; };
		9D3F1E82267F3642004135AA /* EmojiTableViewController.swift in Sources */ = {isa = PBXBuildFile; fileRef = 9D3F1E81267F3642004135AA /* EmojiTableViewController.swift */; };
		9D3F1E84267F3DD2004135AA /* EmojiTableViewCell.swift in Sources */ = {isa = PBXBuildFile; fileRef = 9D3F1E83267F3DD2004135AA /* EmojiTableViewCell.swift */; };
/* End PBXBuildFile section */

/* Begin PBXContainerItemProxy section */
		9D3F1E65267F351F004135AA /* PBXContainerItemProxy */ = {
			isa = PBXContainerItemProxy;
			containerPortal = 9D3F1E46267F351F004135AA /* Project object */;
			proxyType = 1;
			remoteGlobalIDString = 9D3F1E4D267F351F004135AA;
			remoteInfo = firstTableViewApp;
		};
		9D3F1E70267F351F004135AA /* PBXContainerItemProxy */ = {
			isa = PBXContainerItemProxy;
			containerPortal = 9D3F1E46267F351F004135AA /* Project object */;
			proxyType = 1;
			remoteGlobalIDString = 9D3F1E4D267F351F004135AA;
			remoteInfo = firstTableViewApp;
		};
/* End PBXContainerItemProxy section */

/* Begin PBXFileReference section */
		9D3F1E4E267F351F004135AA /* firstTableViewApp.app */ = {isa = PBXFileReference; explicitFileType = wrapper.application; includeInIndex = 0; path = firstTableViewApp.app; sourceTree = BUILT_PRODUCTS_DIR; };
		9D3F1E51267F351F004135AA /* AppDelegate.swift */ = {isa = PBXFileReference; lastKnownFileType = sourcecode.swift; path = AppDelegate.swift; sourceTree = "<group>"; };
		9D3F1E53267F351F004135AA /* SceneDelegate.swift */ = {isa = PBXFileReference; lastKnownFileType = sourcecode.swift; path = SceneDelegate.swift; sourceTree = "<group>"; };
		9D3F1E55267F351F004135AA /* ViewController.swift */ = {isa = PBXFileReference; lastKnownFileType = sourcecode.swift; path = ViewController.swift; sourceTree = "<group>"; };
		9D3F1E58267F351F004135AA /* Base */ = {isa = PBXFileReference; lastKnownFileType = file.storyboard; name = Base; path = Base.lproj/Main.storyboard; sourceTree = "<group>"; };
		9D3F1E5A267F351F004135AA /* Assets.xcassets */ = {isa = PBXFileReference; lastKnownFileType = folder.assetcatalog; path = Assets.xcassets; sourceTree = "<group>"; };
		9D3F1E5D267F351F004135AA /* Base */ = {isa = PBXFileReference; lastKnownFileType = file.storyboard; name = Base; path = Base.lproj/LaunchScreen.storyboard; sourceTree = "<group>"; };
		9D3F1E5F267F351F004135AA /* Info.plist */ = {isa = PBXFileReference; lastKnownFileType = text.plist.xml; path = Info.plist; sourceTree = "<group>"; };
		9D3F1E64267F351F004135AA /* firstTableViewAppTests.xctest */ = {isa = PBXFileReference; explicitFileType = wrapper.cfbundle; includeInIndex = 0; path = firstTableViewAppTests.xctest; sourceTree = BUILT_PRODUCTS_DIR; };
		9D3F1E68267F351F004135AA /* firstTableViewAppTests.swift */ = {isa = PBXFileReference; lastKnownFileType = sourcecode.swift; path = firstTableViewAppTests.swift; sourceTree = "<group>"; };
		9D3F1E6A267F351F004135AA /* Info.plist */ = {isa = PBXFileReference; lastKnownFileType = text.plist.xml; path = Info.plist; sourceTree = "<group>"; };
		9D3F1E6F267F351F004135AA /* firstTableViewAppUITests.xctest */ = {isa = PBXFileReference; explicitFileType = wrapper.cfbundle; includeInIndex = 0; path = firstTableViewAppUITests.xctest; sourceTree = BUILT_PRODUCTS_DIR; };
		9D3F1E73267F351F004135AA /* firstTableViewAppUITests.swift */ = {isa = PBXFileReference; lastKnownFileType = sourcecode.swift; path = firstTableViewAppUITests.swift; sourceTree = "<group>"; };
		9D3F1E75267F351F004135AA /* Info.plist */ = {isa = PBXFileReference; lastKnownFileType = text.plist.xml; path = Info.plist; sourceTree = "<group>"; };
		9D3F1E81267F3642004135AA /* EmojiTableViewController.swift */ = {isa = PBXFileReference; lastKnownFileType = sourcecode.swift; path = EmojiTableViewController.swift; sourceTree = "<group>"; };
		9D3F1E83267F3DD2004135AA /* EmojiTableViewCell.swift */ = {isa = PBXFileReference; lastKnownFileType = sourcecode.swift; path = EmojiTableViewCell.swift; sourceTree = "<group>"; };
/* End PBXFileReference section */

/* Begin PBXFrameworksBuildPhase section */
		9D3F1E4B267F351F004135AA /* Frameworks */ = {
			isa = PBXFrameworksBuildPhase;
			buildActionMask = 2147483647;
			files = (
			);
			runOnlyForDeploymentPostprocessing = 0;
		};
		9D3F1E61267F351F004135AA /* Frameworks */ = {
			isa = PBXFrameworksBuildPhase;
			buildActionMask = 2147483647;
			files = (
			);
			runOnlyForDeploymentPostprocessing = 0;
		};
		9D3F1E6C267F351F004135AA /* Frameworks */ = {
			isa = PBXFrameworksBuildPhase;
			buildActionMask = 2147483647;
			files = (
			);
			runOnlyForDeploymentPostprocessing = 0;
		};
/* End PBXFrameworksBuildPhase section */

/* Begin PBXGroup section */
		9D3F1E45267F351F004135AA = {
			isa = PBXGroup;
			children = (
				9D3F1E50267F351F004135AA /* firstTableViewApp */,
				9D3F1E67267F351F004135AA /* firstTableViewAppTests */,
				9D3F1E72267F351F004135AA /* firstTableViewAppUITests */,
				9D3F1E4F267F351F004135AA /* Products */,
			);
			sourceTree = "<group>";
		};
		9D3F1E4F267F351F004135AA /* Products */ = {
			isa = PBXGroup;
			children = (
				9D3F1E4E267F351F004135AA /* firstTableViewApp.app */,
				9D3F1E64267F351F004135AA /* firstTableViewAppTests.xctest */,
				9D3F1E6F267F351F004135AA /* firstTableViewAppUITests.xctest */,
			);
			name = Products;
			sourceTree = "<group>";
		};
		9D3F1E50267F351F004135AA /* firstTableViewApp */ = {
			isa = PBXGroup;
			children = (
				9D3F1E51267F351F004135AA /* AppDelegate.swift */,
				9D3F1E53267F351F004135AA /* SceneDelegate.swift */,
				9D3F1E55267F351F004135AA /* ViewController.swift */,
				9D3F1E57267F351F004135AA /* Main.storyboard */,
				9D3F1E83267F3DD2004135AA /* EmojiTableViewCell.swift */,
				9D3F1E81267F3642004135AA /* EmojiTableViewController.swift */,
				9D3F1E5A267F351F004135AA /* Assets.xcassets */,
				9D3F1E5C267F351F004135AA /* LaunchScreen.storyboard */,
				9D3F1E5F267F351F004135AA /* Info.plist */,
			);
			path = firstTableViewApp;
			sourceTree = "<group>";
		};
		9D3F1E67267F351F004135AA /* firstTableViewAppTests */ = {
			isa = PBXGroup;
			children = (
				9D3F1E68267F351F004135AA /* firstTableViewAppTests.swift */,
				9D3F1E6A267F351F004135AA /* Info.plist */,
			);
			path = firstTableViewAppTests;
			sourceTree = "<group>";
		};
		9D3F1E72267F351F004135AA /* firstTableViewAppUITests */ = {
			isa = PBXGroup;
			children = (
				9D3F1E73267F351F004135AA /* firstTableViewAppUITests.swift */,
				9D3F1E75267F351F004135AA /* Info.plist */,
			);
			path = firstTableViewAppUITests;
			sourceTree = "<group>";
		};
/* End PBXGroup section */

/* Begin PBXNativeTarget section */
		9D3F1E4D267F351F004135AA /* firstTableViewApp */ = {
			isa = PBXNativeTarget;
			buildConfigurationList = 9D3F1E78267F351F004135AA /* Build configuration list for PBXNativeTarget "firstTableViewApp" */;
			buildPhases = (
				9D3F1E4A267F351F004135AA /* Sources */,
				9D3F1E4B267F351F004135AA /* Frameworks */,
				9D3F1E4C267F351F004135AA /* Resources */,
			);
			buildRules = (
			);
			dependencies = (
			);
			name = firstTableViewApp;
			productName = firstTableViewApp;
			productReference = 9D3F1E4E267F351F004135AA /* firstTableViewApp.app */;
			productType = "com.apple.product-type.application";
		};
		9D3F1E63267F351F004135AA /* firstTableViewAppTests */ = {
			isa = PBXNativeTarget;
			buildConfigurationList = 9D3F1E7B267F351F004135AA /* Build configuration list for PBXNativeTarget "firstTableViewAppTests" */;
			buildPhases = (
				9D3F1E60267F351F004135AA /* Sources */,
				9D3F1E61267F351F004135AA /* Frameworks */,
				9D3F1E62267F351F004135AA /* Resources */,
			);
			buildRules = (
			);
			dependencies = (
				9D3F1E66267F351F004135AA /* PBXTargetDependency */,
			);
			name = firstTableViewAppTests;
			productName = firstTableViewAppTests;
			productReference = 9D3F1E64267F351F004135AA /* firstTableViewAppTests.xctest */;
			productType = "com.apple.product-type.bundle.unit-test";
		};
		9D3F1E6E267F351F004135AA /* firstTableViewAppUITests */ = {
			isa = PBXNativeTarget;
			buildConfigurationList = 9D3F1E7E267F351F004135AA /* Build configuration list for PBXNativeTarget "firstTableViewAppUITests" */;
			buildPhases = (
				9D3F1E6B267F351F004135AA /* Sources */,
				9D3F1E6C267F351F004135AA /* Frameworks */,
				9D3F1E6D267F351F004135AA /* Resources */,
			);
			buildRules = (
			);
			dependencies = (
				9D3F1E71267F351F004135AA /* PBXTargetDependency */,
			);
			name = firstTableViewAppUITests;
			productName = firstTableViewAppUITests;
			productReference = 9D3F1E6F267F351F004135AA /* firstTableViewAppUITests.xctest */;
			productType = "com.apple.product-type.bundle.ui-testing";
		};
/* End PBXNativeTarget section */

/* Begin PBXProject section */
		9D3F1E46267F351F004135AA /* Project object */ = {
			isa = PBXProject;
			attributes = {
				LastSwiftUpdateCheck = 1250;
				LastUpgradeCheck = 1250;
				TargetAttributes = {
					9D3F1E4D267F351F004135AA = {
						CreatedOnToolsVersion = 12.5;
					};
					9D3F1E63267F351F004135AA = {
						CreatedOnToolsVersion = 12.5;
						TestTargetID = 9D3F1E4D267F351F004135AA;
					};
					9D3F1E6E267F351F004135AA = {
						CreatedOnToolsVersion = 12.5;
						TestTargetID = 9D3F1E4D267F351F004135AA;
					};
				};
			};
			buildConfigurationList = 9D3F1E49267F351F004135AA /* Build configuration list for PBXProject "firstTableViewApp" */;
			compatibilityVersion = "Xcode 9.3";
			developmentRegion = en;
			hasScannedForEncodings = 0;
			knownRegions = (
				en,
				Base,
			);
			mainGroup = 9D3F1E45267F351F004135AA;
			productRefGroup = 9D3F1E4F267F351F004135AA /* Products */;
			projectDirPath = "";
			projectRoot = "";
			targets = (
				9D3F1E4D267F351F004135AA /* firstTableViewApp */,
				9D3F1E63267F351F004135AA /* firstTableViewAppTests */,
				9D3F1E6E267F351F004135AA /* firstTableViewAppUITests */,
			);
		};
/* End PBXProject section */

/* Begin PBXResourcesBuildPhase section */
		9D3F1E4C267F351F004135AA /* Resources */ = {
			isa = PBXResourcesBuildPhase;
			buildActionMask = 2147483647;
			files = (
				9D3F1E5E267F351F004135AA /* LaunchScreen.storyboard in Resources */,
				9D3F1E5B267F351F004135AA /* Assets.xcassets in Resources */,
				9D3F1E59267F351F004135AA /* Main.storyboard in Resources */,
			);
			runOnlyForDeploymentPostprocessing = 0;
		};
		9D3F1E62267F351F004135AA /* Resources */ = {
			isa = PBXResourcesBuildPhase;
			buildActionMask = 2147483647;
			files = (
			);
			runOnlyForDeploymentPostprocessing = 0;
		};
		9D3F1E6D267F351F004135AA /* Resources */ = {
			isa = PBXResourcesBuildPhase;
			buildActionMask = 2147483647;
			files = (
			);
			runOnlyForDeploymentPostprocessing = 0;
		};
/* End PBXResourcesBuildPhase section */

/* Begin PBXSourcesBuildPhase section */
		9D3F1E4A267F351F004135AA /* Sources */ = {
			isa = PBXSourcesBuildPhase;
			buildActionMask = 2147483647;
			files = (
				9D3F1E56267F351F004135AA /* ViewController.swift in Sources */,
				9D3F1E52267F351F004135AA /* AppDelegate.swift in Sources */,
				9D3F1E84267F3DD2004135AA /* EmojiTableViewCell.swift in Sources */,
				9D3F1E54267F351F004135AA /* SceneDelegate.swift in Sources */,
				9D3F1E82267F3642004135AA /* EmojiTableViewController.swift in Sources */,
			);
			runOnlyForDeploymentPostprocessing = 0;
		};
		9D3F1E60267F351F004135AA /* Sources */ = {
			isa = PBXSourcesBuildPhase;
			buildActionMask = 2147483647;
			files = (
				9D3F1E69267F351F004135AA /* firstTableViewAppTests.swift in Sources */,
			);
			runOnlyForDeploymentPostprocessing = 0;
		};
		9D3F1E6B267F351F004135AA /* Sources */ = {
			isa = PBXSourcesBuildPhase;
			buildActionMask = 2147483647;
			files = (
				9D3F1E74267F351F004135AA /* firstTableViewAppUITests.swift in Sources */,
			);
			runOnlyForDeploymentPostprocessing = 0;
		};
/* End PBXSourcesBuildPhase section */

/* Begin PBXTargetDependency section */
		9D3F1E66267F351F004135AA /* PBXTargetDependency */ = {
			isa = PBXTargetDependency;
			target = 9D3F1E4D267F351F004135AA /* firstTableViewApp */;
			targetProxy = 9D3F1E65267F351F004135AA /* PBXContainerItemProxy */;
		};
		9D3F1E71267F351F004135AA /* PBXTargetDependency */ = {
			isa = PBXTargetDependency;
			target = 9D3F1E4D267F351F004135AA /* firstTableViewApp */;
			targetProxy = 9D3F1E70267F351F004135AA /* PBXContainerItemProxy */;
		};
/* End PBXTargetDependency section */

/* Begin PBXVariantGroup section */
		9D3F1E57267F351F004135AA /* Main.storyboard */ = {
			isa = PBXVariantGroup;
			children = (
				9D3F1E58267F351F004135AA /* Base */,
			);
			name = Main.storyboard;
			sourceTree = "<group>";
		};
		9D3F1E5C267F351F004135AA /* LaunchScreen.storyboard */ = {
			isa = PBXVariantGroup;
			children = (
				9D3F1E5D267F351F004135AA /* Base */,
			);
			name = LaunchScreen.storyboard;
			sourceTree = "<group>";
		};
/* End PBXVariantGroup section */

/* Begin XCBuildConfiguration section */
		9D3F1E76267F351F004135AA /* Debug */ = {
			isa = XCBuildConfiguration;
			buildSettings = {
				ALWAYS_SEARCH_USER_PATHS = NO;
				CLANG_ANALYZER_NONNULL = YES;
				CLANG_ANALYZER_NUMBER_OBJECT_CONVERSION = YES_AGGRESSIVE;
				CLANG_CXX_LANGUAGE_STANDARD = "gnu++14";
				CLANG_CXX_LIBRARY = "libc++";
				CLANG_ENABLE_MODULES = YES;
				CLANG_ENABLE_OBJC_ARC = YES;
				CLANG_ENABLE_OBJC_WEAK = YES;
				CLANG_WARN_BLOCK_CAPTURE_AUTORELEASING = YES;
				CLANG_WARN_BOOL_CONVERSION = YES;
				CLANG_WARN_COMMA = YES;
				CLANG_WARN_CONSTANT_CONVERSION = YES;
				CLANG_WARN_DEPRECATED_OBJC_IMPLEMENTATIONS = YES;
				CLANG_WARN_DIRECT_OBJC_ISA_USAGE = YES_ERROR;
				CLANG_WARN_DOCUMENTATION_COMMENTS = YES;
				CLANG_WARN_EMPTY_BODY = YES;
				CLANG_WARN_ENUM_CONVERSION = YES;
				CLANG_WARN_INFINITE_RECURSION = YES;
				CLANG_WARN_INT_CONVERSION = YES;
				CLANG_WARN_NON_LITERAL_NULL_CONVERSION = YES;
				CLANG_WARN_OBJC_IMPLICIT_RETAIN_SELF = YES;
				CLANG_WARN_OBJC_LITERAL_CONVERSION = YES;
				CLANG_WARN_OBJC_ROOT_CLASS = YES_ERROR;
				CLANG_WARN_QUOTED_INCLUDE_IN_FRAMEWORK_HEADER = YES;
				CLANG_WARN_RANGE_LOOP_ANALYSIS = YES;
				CLANG_WARN_STRICT_PROTOTYPES = YES;
				CLANG_WARN_SUSPICIOUS_MOVE = YES;
				CLANG_WARN_UNGUARDED_AVAILABILITY = YES_AGGRESSIVE;
				CLANG_WARN_UNREACHABLE_CODE = YES;
				CLANG_WARN__DUPLICATE_METHOD_MATCH = YES;
				COPY_PHASE_STRIP = NO;
				DEBUG_INFORMATION_FORMAT = dwarf;
				ENABLE_STRICT_OBJC_MSGSEND = YES;
				ENABLE_TESTABILITY = YES;
				GCC_C_LANGUAGE_STANDARD = gnu11;
				GCC_DYNAMIC_NO_PIC = NO;
				GCC_NO_COMMON_BLOCKS = YES;
				GCC_OPTIMIZATION_LEVEL = 0;
				GCC_PREPROCESSOR_DEFINITIONS = (
					"DEBUG=1",
					"$(inherited)",
				);
				GCC_WARN_64_TO_32_BIT_CONVERSION = YES;
				GCC_WARN_ABOUT_RETURN_TYPE = YES_ERROR;
				GCC_WARN_UNDECLARED_SELECTOR = YES;
				GCC_WARN_UNINITIALIZED_AUTOS = YES_AGGRESSIVE;
				GCC_WARN_UNUSED_FUNCTION = YES;
				GCC_WARN_UNUSED_VARIABLE = YES;
				IPHONEOS_DEPLOYMENT_TARGET = 14.5;
				MTL_ENABLE_DEBUG_INFO = INCLUDE_SOURCE;
				MTL_FAST_MATH = YES;
				ONLY_ACTIVE_ARCH = YES;
				SDKROOT = iphoneos;
				SWIFT_ACTIVE_COMPILATION_CONDITIONS = DEBUG;
				SWIFT_OPTIMIZATION_LEVEL = "-Onone";
			};
			name = Debug;
		};
		9D3F1E77267F351F004135AA /* Release */ = {
			isa = XCBuildConfiguration;
			buildSettings = {
				ALWAYS_SEARCH_USER_PATHS = NO;
				CLANG_ANALYZER_NONNULL = YES;
				CLANG_ANALYZER_NUMBER_OBJECT_CONVERSION = YES_AGGRESSIVE;
				CLANG_CXX_LANGUAGE_STANDARD = "gnu++14";
				CLANG_CXX_LIBRARY = "libc++";
				CLANG_ENABLE_MODULES = YES;
				CLANG_ENABLE_OBJC_ARC = YES;
				CLANG_ENABLE_OBJC_WEAK = YES;
				CLANG_WARN_BLOCK_CAPTURE_AUTORELEASING = YES;
				CLANG_WARN_BOOL_CONVERSION = YES;
				CLANG_WARN_COMMA = YES;
				CLANG_WARN_CONSTANT_CONVERSION = YES;
				CLANG_WARN_DEPRECATED_OBJC_IMPLEMENTATIONS = YES;
				CLANG_WARN_DIRECT_OBJC_ISA_USAGE = YES_ERROR;
				CLANG_WARN_DOCUMENTATION_COMMENTS = YES;
				CLANG_WARN_EMPTY_BODY = YES;
				CLANG_WARN_ENUM_CONVERSION = YES;
				CLANG_WARN_INFINITE_RECURSION = YES;
				CLANG_WARN_INT_CONVERSION = YES;
				CLANG_WARN_NON_LITERAL_NULL_CONVERSION = YES;
				CLANG_WARN_OBJC_IMPLICIT_RETAIN_SELF = YES;
				CLANG_WARN_OBJC_LITERAL_CONVERSION = YES;
				CLANG_WARN_OBJC_ROOT_CLASS = YES_ERROR;
				CLANG_WARN_QUOTED_INCLUDE_IN_FRAMEWORK_HEADER = YES;
				CLANG_WARN_RANGE_LOOP_ANALYSIS = YES;
				CLANG_WARN_STRICT_PROTOTYPES = YES;
				CLANG_WARN_SUSPICIOUS_MOVE = YES;
				CLANG_WARN_UNGUARDED_AVAILABILITY = YES_AGGRESSIVE;
				CLANG_WARN_UNREACHABLE_CODE = YES;
				CLANG_WARN__DUPLICATE_METHOD_MATCH = YES;
				COPY_PHASE_STRIP = NO;
				DEBUG_INFORMATION_FORMAT = "dwarf-with-dsym";
				ENABLE_NS_ASSERTIONS = NO;
				ENABLE_STRICT_OBJC_MSGSEND = YES;
				GCC_C_LANGUAGE_STANDARD = gnu11;
				GCC_NO_COMMON_BLOCKS = YES;
				GCC_WARN_64_TO_32_BIT_CONVERSION = YES;
				GCC_WARN_ABOUT_RETURN_TYPE = YES_ERROR;
				GCC_WARN_UNDECLARED_SELECTOR = YES;
				GCC_WARN_UNINITIALIZED_AUTOS = YES_AGGRESSIVE;
				GCC_WARN_UNUSED_FUNCTION = YES;
				GCC_WARN_UNUSED_VARIABLE = YES;
				IPHONEOS_DEPLOYMENT_TARGET = 14.5;
				MTL_ENABLE_DEBUG_INFO = NO;
				MTL_FAST_MATH = YES;
				SDKROOT = iphoneos;
				SWIFT_COMPILATION_MODE = wholemodule;
				SWIFT_OPTIMIZATION_LEVEL = "-O";
				VALIDATE_PRODUCT = YES;
			};
			name = Release;
		};
		9D3F1E79267F351F004135AA /* Debug */ = {
			isa = XCBuildConfiguration;
			buildSettings = {
				ASSETCATALOG_COMPILER_APPICON_NAME = AppIcon;
				ASSETCATALOG_COMPILER_GLOBAL_ACCENT_COLOR_NAME = AccentColor;
				CODE_SIGN_STYLE = Automatic;
				DEVELOPMENT_TEAM = MSJ4Q555L6;
				INFOPLIST_FILE = firstTableViewApp/Info.plist;
				LD_RUNPATH_SEARCH_PATHS = (
					"$(inherited)",
					"@executable_path/Frameworks",
				);
				PRODUCT_BUNDLE_IDENTIFIER = org.firstTableViewApp;
				PRODUCT_NAME = "$(TARGET_NAME)";
				SWIFT_VERSION = 5.0;
				TARGETED_DEVICE_FAMILY = "1,2";
			};
			name = Debug;
		};
		9D3F1E7A267F351F004135AA /* Release */ = {
			isa = XCBuildConfiguration;
			buildSettings = {
				ASSETCATALOG_COMPILER_APPICON_NAME = AppIcon;
				ASSETCATALOG_COMPILER_GLOBAL_ACCENT_COLOR_NAME = AccentColor;
				CODE_SIGN_STYLE = Automatic;
				DEVELOPMENT_TEAM = MSJ4Q555L6;
				INFOPLIST_FILE = firstTableViewApp/Info.plist;
				LD_RUNPATH_SEARCH_PATHS = (
					"$(inherited)",
					"@executable_path/Frameworks",
				);
				PRODUCT_BUNDLE_IDENTIFIER = org.firstTableViewApp;
				PRODUCT_NAME = "$(TARGET_NAME)";
				SWIFT_VERSION = 5.0;
				TARGETED_DEVICE_FAMILY = "1,2";
			};
			name = Release;
		};
		9D3F1E7C267F351F004135AA /* Debug */ = {
			isa = XCBuildConfiguration;
			buildSettings = {
				ALWAYS_EMBED_SWIFT_STANDARD_LIBRARIES = YES;
				BUNDLE_LOADER = "$(TEST_HOST)";
				CODE_SIGN_STYLE = Automatic;
				DEVELOPMENT_TEAM = MSJ4Q555L6;
				INFOPLIST_FILE = firstTableViewAppTests/Info.plist;
				IPHONEOS_DEPLOYMENT_TARGET = 14.5;
				LD_RUNPATH_SEARCH_PATHS = (
					"$(inherited)",
					"@executable_path/Frameworks",
					"@loader_path/Frameworks",
				);
				PRODUCT_BUNDLE_IDENTIFIER = org.firstTableViewAppTests;
				PRODUCT_NAME = "$(TARGET_NAME)";
				SWIFT_VERSION = 5.0;
				TARGETED_DEVICE_FAMILY = "1,2";
				TEST_HOST = "$(BUILT_PRODUCTS_DIR)/firstTableViewApp.app/firstTableViewApp";
			};
			name = Debug;
		};
		9D3F1E7D267F351F004135AA /* Release */ = {
			isa = XCBuildConfiguration;
			buildSettings = {
				ALWAYS_EMBED_SWIFT_STANDARD_LIBRARIES = YES;
				BUNDLE_LOADER = "$(TEST_HOST)";
				CODE_SIGN_STYLE = Automatic;
				DEVELOPMENT_TEAM = MSJ4Q555L6;
				INFOPLIST_FILE = firstTableViewAppTests/Info.plist;
				IPHONEOS_DEPLOYMENT_TARGET = 14.5;
				LD_RUNPATH_SEARCH_PATHS = (
					"$(inherited)",
					"@executable_path/Frameworks",
					"@loader_path/Frameworks",
				);
				PRODUCT_BUNDLE_IDENTIFIER = org.firstTableViewAppTests;
				PRODUCT_NAME = "$(TARGET_NAME)";
				SWIFT_VERSION = 5.0;
				TARGETED_DEVICE_FAMILY = "1,2";
				TEST_HOST = "$(BUILT_PRODUCTS_DIR)/firstTableViewApp.app/firstTableViewApp";
			};
			name = Release;
		};
		9D3F1E7F267F351F004135AA /* Debug */ = {
			isa = XCBuildConfiguration;
			buildSettings = {
				ALWAYS_EMBED_SWIFT_STANDARD_LIBRARIES = YES;
				CODE_SIGN_STYLE = Automatic;
				DEVELOPMENT_TEAM = MSJ4Q555L6;
				INFOPLIST_FILE = firstTableViewAppUITests/Info.plist;
				LD_RUNPATH_SEARCH_PATHS = (
					"$(inherited)",
					"@executable_path/Frameworks",
					"@loader_path/Frameworks",
				);
				PRODUCT_BUNDLE_IDENTIFIER = org.firstTableViewAppUITests;
				PRODUCT_NAME = "$(TARGET_NAME)";
				SWIFT_VERSION = 5.0;
				TARGETED_DEVICE_FAMILY = "1,2";
				TEST_TARGET_NAME = firstTableViewApp;
			};
			name = Debug;
		};
		9D3F1E80267F351F004135AA /* Release */ = {
			isa = XCBuildConfiguration;
			buildSettings = {
				ALWAYS_EMBED_SWIFT_STANDARD_LIBRARIES = YES;
				CODE_SIGN_STYLE = Automatic;
				DEVELOPMENT_TEAM = MSJ4Q555L6;
				INFOPLIST_FILE = firstTableViewAppUITests/Info.plist;
				LD_RUNPATH_SEARCH_PATHS = (
					"$(inherited)",
					"@executable_path/Frameworks",
					"@loader_path/Frameworks",
				);
				PRODUCT_BUNDLE_IDENTIFIER = org.firstTableViewAppUITests;
				PRODUCT_NAME = "$(TARGET_NAME)";
				SWIFT_VERSION = 5.0;
				TARGETED_DEVICE_FAMILY = "1,2";
				TEST_TARGET_NAME = firstTableViewApp;
			};
			name = Release;
		};
/* End XCBuildConfiguration section */

/* Begin XCConfigurationList section */
		9D3F1E49267F351F004135AA /* Build configuration list for PBXProject "firstTableViewApp" */ = {
			isa = XCConfigurationList;
			buildConfigurations = (
				9D3F1E76267F351F004135AA /* Debug */,
				9D3F1E77267F351F004135AA /* Release */,
			);
			defaultConfigurationIsVisible = 0;
			defaultConfigurationName = Release;
		};
		9D3F1E78267F351F004135AA /* Build configuration list for PBXNativeTarget "firstTableViewApp" */ = {
			isa = XCConfigurationList;
			buildConfigurations = (
				9D3F1E79267F351F004135AA /* Debug */,
				9D3F1E7A267F351F004135AA /* Release */,
			);
			defaultConfigurationIsVisible = 0;
			defaultConfigurationName = Release;
		};
		9D3F1E7B267F351F004135AA /* Build configuration list for PBXNativeTarget "firstTableViewAppTests" */ = {
			isa = XCConfigurationList;
			buildConfigurations = (
				9D3F1E7C267F351F004135AA /* Debug */,
				9D3F1E7D267F351F004135AA /* Release */,
			);
			defaultConfigurationIsVisible = 0;
			defaultConfigurationName = Release;
		};
		9D3F1E7E267F351F004135AA /* Build configuration list for PBXNativeTarget "firstTableViewAppUITests" */ = {
			isa = XCConfigurationList;
			buildConfigurations = (
				9D3F1E7F267F351F004135AA /* Debug */,
				9D3F1E80267F351F004135AA /* Release */,
			);
			defaultConfigurationIsVisible = 0;
			defaultConfigurationName = Release;
		};
/* End XCConfigurationList section */
	};
	rootObject = 9D3F1E46267F351F004135AA /* Project object */;
}
